
Microsoft Visual Studio Solution File, Format Version 12.00
# Visual Studio Version 17
VisualStudioVersion = 17.0.31903.59
MinimumVisualStudioVersion = 10.0.40219.1
Project("{FAE04EC0-301F-11D3-BF4B-00C04F79EFBC}") = "GeometryClassLibrary", "GeometryClassLibrary\GeometryClassLibrary.csproj", "{B84299BF-0B6C-44E8-932D-EC04F6418F82}"
EndProject
Project("{FAE04EC0-301F-11D3-BF4B-00C04F79EFBC}") = "GeometryConsoleApp", "GeometryConsoleApp\GeometryConsoleApp.csproj", "{B8BF09E0-6520-4606-8E48-9E398F1F3D49}"
EndProject
Project("{FAE04EC0-301F-11D3-BF4B-00C04F79EFBC}") = "GeometryTestLibrary", "GeometryTestLibrary\GeometryTestLibrary.csproj", "{4AB85B1B-178A-482D-AB63-1E64163F6CF0}"
EndProject
Global
	GlobalSection(SolutionConfigurationPlatforms) = preSolution
		Debug|Any CPU = Debug|Any CPU
		Release|Any CPU = Release|Any CPU
	EndGlobalSection
	GlobalSection(SolutionProperties) = preSolution
		HideSolutionNode = FALSE
	EndGlobalSection
	GlobalSection(ProjectConfigurationPlatforms) = postSolution
		{B84299BF-0B6C-44E8-932D-EC04F6418F82}.Debug|Any CPU.ActiveCfg = Debug|Any CPU
		{B84299BF-0B6C-44E8-932D-EC04F6418F82}.Debug|Any CPU.Build.0 = Debug|Any CPU
		{B84299BF-0B6C-44E8-932D-EC04F6418F82}.Release|Any CPU.ActiveCfg = Release|Any CPU
		{B84299BF-0B6C-44E8-932D-EC04F6418F82}.Release|Any CPU.Build.0 = Release|Any CPU
		{B8BF09E0-6520-4606-8E48-9E398F1F3D49}.Debug|Any CPU.ActiveCfg = Debug|Any CPU
		{B8BF09E0-6520-4606-8E48-9E398F1F3D49}.Debug|Any CPU.Build.0 = Debug|Any CPU
		{B8BF09E0-6520-4606-8E48-9E398F1F3D49}.Release|Any CPU.ActiveCfg = Release|Any CPU
		{B8BF09E0-6520-4606-8E48-9E398F1F3D49}.Release|Any CPU.Build.0 = Release|Any CPU
		{4AB85B1B-178A-482D-AB63-1E64163F6CF0}.Debug|Any CPU.ActiveCfg = Debug|Any CPU
		{4AB85B1B-178A-482D-AB63-1E64163F6CF0}.Debug|Any CPU.Build.0 = Debug|Any CPU
		{4AB85B1B-178A-482D-AB63-1E64163F6CF0}.Release|Any CPU.ActiveCfg = Release|Any CPU
		{4AB85B1B-178A-482D-AB63-1E64163F6CF0}.Release|Any CPU.Build.0 = Release|Any CPU
	EndGlobalSection
EndGlobal
